
Microsoft Visual Studio Solution File, Format Version 12.00
# Visual Studio Version 16
VisualStudioVersion = 16.0.29806.167
MinimumVisualStudioVersion = 10.0.40219.1
Project("{FAE04EC0-301F-11D3-BF4B-00C04F79EFBC}") = "Herança", "Herança\Herança.csproj", "{CDD10949-7DC0-4C4C-B7C8-46E61C569676}"
EndProject
Global
	GlobalSection(SolutionConfigurationPlatforms) = preSolution
		Debug|Any CPU = Debug|Any CPU
		Release|Any CPU = Release|Any CPU
	EndGlobalSection
	GlobalSection(ProjectConfigurationPlatforms) = postSolution
		{CDD10949-7DC0-4C4C-B7C8-46E61C569676}.Debug|Any CPU.ActiveCfg = Debug|Any CPU
		{CDD10949-7DC0-4C4C-B7C8-46E61C569676}.Debug|Any CPU.Build.0 = Debug|Any CPU
		{CDD10949-7DC0-4C4C-B7C8-46E61C569676}.Release|Any CPU.ActiveCfg = Release|Any CPU
		{CDD10949-7DC0-4C4C-B7C8-46E61C569676}.Release|Any CPU.Build.0 = Release|Any CPU
	EndGlobalSection
	GlobalSection(SolutionProperties) = preSolution
		HideSolutionNode = FALSE
	EndGlobalSection
	GlobalSection(ExtensibilityGlobals) = postSolution
		SolutionGuid = {880C2266-5BAD-4BA3-A429-BC3FF9631789}
	EndGlobalSection
EndGlobal
